
Microsoft Visual Studio Solution File, Format Version 12.00
# Visual Studio Version 17
VisualStudioVersion = 17.4.33213.308
MinimumVisualStudioVersion = 10.0.40219.1
Project("{FAE04EC0-301F-11D3-BF4B-00C04F79EFBC}") = "SystemeLocation", "SystemeLocation\SystemeLocation.csproj", "{492F80B0-230A-48AC-80F5-03A18423AEAB}"
EndProject
Global
	GlobalSection(SolutionConfigurationPlatforms) = preSolution
		Debug|Any CPU = Debug|Any CPU
		Release|Any CPU = Release|Any CPU
	EndGlobalSection
	GlobalSection(ProjectConfigurationPlatforms) = postSolution
		{492F80B0-230A-48AC-80F5-03A18423AEAB}.Debug|Any CPU.ActiveCfg = Debug|Any CPU
		{492F80B0-230A-48AC-80F5-03A18423AEAB}.Debug|Any CPU.Build.0 = Debug|Any CPU
		{492F80B0-230A-48AC-80F5-03A18423AEAB}.Release|Any CPU.ActiveCfg = Release|Any CPU
		{492F80B0-230A-48AC-80F5-03A18423AEAB}.Release|Any CPU.Build.0 = Release|Any CPU
	EndGlobalSection
	GlobalSection(SolutionProperties) = preSolution
		HideSolutionNode = FALSE
	EndGlobalSection
	GlobalSection(ExtensibilityGlobals) = postSolution
		SolutionGuid = {7C984F54-B691-42E0-9E95-CEB60EBB4CE8}
	EndGlobalSection
EndGlobal
